
Microsoft Visual Studio Solution File, Format Version 12.00
# Visual Studio Version 17
VisualStudioVersion = 17.9.34616.47
MinimumVisualStudioVersion = 10.0.40219.1
Project("{FAE04EC0-301F-11D3-BF4B-00C04F79EFBC}") = "PaintApp", "UygPaint\PaintApp.csproj", "{584DD077-0E1A-4132-8DBA-CCA8A0C190CF}"
EndProject
Global
	GlobalSection(SolutionConfigurationPlatforms) = preSolution
		Debug|Any CPU = Debug|Any CPU
		Release|Any CPU = Release|Any CPU
	EndGlobalSection
	GlobalSection(ProjectConfigurationPlatforms) = postSolution
		{584DD077-0E1A-4132-8DBA-CCA8A0C190CF}.Debug|Any CPU.ActiveCfg = Debug|Any CPU
		{584DD077-0E1A-4132-8DBA-CCA8A0C190CF}.Debug|Any CPU.Build.0 = Debug|Any CPU
		{584DD077-0E1A-4132-8DBA-CCA8A0C190CF}.Release|Any CPU.ActiveCfg = Release|Any CPU
		{584DD077-0E1A-4132-8DBA-CCA8A0C190CF}.Release|Any CPU.Build.0 = Release|Any CPU
	EndGlobalSection
	GlobalSection(SolutionProperties) = preSolution
		HideSolutionNode = FALSE
	EndGlobalSection
	GlobalSection(ExtensibilityGlobals) = postSolution
		SolutionGuid = {A1C31E4B-C68E-4258-BC60-6A5B324B930E}
	EndGlobalSection
EndGlobal
